
Microsoft Visual Studio Solution File, Format Version 12.00
Project("{FAE04EC0-301F-11D3-BF4B-00C04F79EFBC}") = "SentryVision.Endpoint", "SentryVision.Endpoint\SentryVision.Endpoint.csproj", "{46937CDD-E050-48AE-A73A-C58ED89DE67D}"
EndProject
Project("{FAE04EC0-301F-11D3-BF4B-00C04F79EFBC}") = "SentryVision.HubApi", "SentryVision.HubApi\SentryVision.HubApi.csproj", "{ACED0744-D58E-4045-810D-B88F0A071FE1}"
EndProject
Global
	GlobalSection(SolutionConfigurationPlatforms) = preSolution
		Debug|Any CPU = Debug|Any CPU
		Release|Any CPU = Release|Any CPU
	EndGlobalSection
	GlobalSection(ProjectConfigurationPlatforms) = postSolution
		{46937CDD-E050-48AE-A73A-C58ED89DE67D}.Debug|Any CPU.ActiveCfg = Debug|Any CPU
		{46937CDD-E050-48AE-A73A-C58ED89DE67D}.Debug|Any CPU.Build.0 = Debug|Any CPU
		{46937CDD-E050-48AE-A73A-C58ED89DE67D}.Release|Any CPU.ActiveCfg = Release|Any CPU
		{46937CDD-E050-48AE-A73A-C58ED89DE67D}.Release|Any CPU.Build.0 = Release|Any CPU
		{ACED0744-D58E-4045-810D-B88F0A071FE1}.Debug|Any CPU.ActiveCfg = Debug|Any CPU
		{ACED0744-D58E-4045-810D-B88F0A071FE1}.Debug|Any CPU.Build.0 = Debug|Any CPU
		{ACED0744-D58E-4045-810D-B88F0A071FE1}.Release|Any CPU.ActiveCfg = Release|Any CPU
		{ACED0744-D58E-4045-810D-B88F0A071FE1}.Release|Any CPU.Build.0 = Release|Any CPU
	EndGlobalSection
EndGlobal
